# THIS IS AN AUTOGENERATED FILE. DO NOT EDIT THIS FILE DIRECTLY.
# yarn lockfile v1


Base64@^1.0.0:
  version "1.0.2"
  resolved "https://registry.yarnpkg.com/Base64/-/Base64-1.0.2.tgz#82a36d43f4b98659d72488afe008a905d2cbccdb"
  integrity sha512-WufIun24IbKXKBCGmxau2cYAaGLJ1GJjXcqTUyUzYiQImCreWwvTagnZd9k3nHGPAdPxpvC+4FNN1OhQH2Vz7g==

babel-runtime@^6.26.0:
  version "6.26.0"
  resolved "https://registry.yarnpkg.com/babel-runtime/-/babel-runtime-6.26.0.tgz#965c7058668e82b55d7bfe04ff2337bc8b5647fe"
  integrity sha1-llxwWGaOgrVde/4E/yM3vItWR/4=
  dependencies:
    core-js "^2.4.0"
    regenerator-runtime "^0.11.0"

beaver-logger@^3.0.17, beaver-logger@^3.0.6:
  version "3.0.17"
  resolved "https://registry.yarnpkg.com/beaver-logger/-/beaver-logger-3.0.17.tgz#59d201ab9c7359e6250d10f3a72bf06dcc4c2866"
  integrity sha512-tDc3/YGdUjjsyxG3ZpK5kPTDKm7xj9gXsThZuB0SJg2mi+EwPnkL7liiJ6IGkHb9J5haH3HUu+nB03UOdP/JFw==
  dependencies:
    zalgo-promise "^1.0.26"

belter@^1.0.77:
  version "1.0.92"
  resolved "https://registry.yarnpkg.com/belter/-/belter-1.0.92.tgz#116d35e45fbabefda0a26dce09f86921c4ae8af0"
  integrity sha512-wb3QSSGPgl1OIUTM9MFBTizr7+xPPbV+oqU32RcFuFAXvk+ltrPWgDy6lp+OfhxziODKFazgpo3YufNjoiBPDA==
  dependencies:
    cross-domain-safe-weakmap "^1.0.20"
    cross-domain-utils "^2.0.10"
    zalgo-promise "^1.0.28"

bowser@^1.7.1:
  version "1.9.4"
  resolved "https://registry.yarnpkg.com/bowser/-/bowser-1.9.4.tgz#890c58a2813a9d3243704334fa81b96a5c150c9a"
  integrity sha512-9IdMmj2KjigRq6oWhmwv1W36pDuA4STQZ8q6YO9um+x07xgYNCD3Oou+WP/3L1HNz7iqythGet3/p4wvc8AAwQ==

core-js@^2.4.0:
  version "2.6.5"
  resolved "https://registry.yarnpkg.com/core-js/-/core-js-2.6.5.tgz#44bc8d249e7fb2ff5d00e0341a7ffb94fbf67895"
  integrity sha512-klh/kDpwX8hryYL14M9w/xei6vrv6sE8gTHDG7/T/+SEovB/G4ejwcfE/CBzO6Edsu+OETZMZ3wcX/EjUkrl5A==

cross-domain-safe-weakmap@^1.0.1, cross-domain-safe-weakmap@^1.0.20, cross-domain-safe-weakmap@^1.0.22:
  version "1.0.23"
  resolved "https://registry.yarnpkg.com/cross-domain-safe-weakmap/-/cross-domain-safe-weakmap-1.0.23.tgz#48e662e7ed2dcb71b1652e75a8c3fac7840189c1"
  integrity sha512-yGsAJzibnlDcWESitCcO6mAbywWL+jV2woftEPgyfuPcA6sFdT1TGI99DZPZfyYxkFPKpP7tCgQcH2V5CJVUaQ==
  dependencies:
    cross-domain-utils "^2.0.0"

cross-domain-utils@^2.0.0, cross-domain-utils@^2.0.1, cross-domain-utils@^2.0.10, cross-domain-utils@^2.0.16:
  version "2.0.24"
  resolved "https://registry.yarnpkg.com/cross-domain-utils/-/cross-domain-utils-2.0.24.tgz#bde407670b2c7a67e0f04be23196d49dcf30b631"
  integrity sha512-pt6i27qG5xuPKBnZtgAYeML4tgWpGLwf2hwKsfZVZtBBHgTC1K44WECU1HeHgHUVLiBjQcojW3OeGa2DRywumQ==
  dependencies:
    zalgo-promise "^1.0.11"

hi-base32@^0.5.0:
  version "0.5.0"
  resolved "https://registry.yarnpkg.com/hi-base32/-/hi-base32-0.5.0.tgz#61329f76a31f31008533f1c36f2473e259d64571"
  integrity sha512-DDRmxSyoYuvjUb9EnXdoiMChBZ7ZcUVJsK5Frd3kqMhuBxvmZdnBeynAVfj7/ECbn++CekcoprvC/rprHPAtow==

paypal-checkout@^4.0.228:
  version "4.0.258"
  resolved "https://registry.yarnpkg.com/paypal-checkout/-/paypal-checkout-4.0.258.tgz#c27859ebc92474599cb872684aa41609ee7ef8c6"
  integrity sha512-ZmoHCUvrFwFcvSRwIbiXSZ30I3CmtGl7HuEcqPC0aVHcx18/lVZb+ffyZenYyC8HePC6KYxJ57RAN4FAZhMTSg==
  dependencies:
    Base64 "^1.0.0"
    beaver-logger "^3.0.6"
    bowser "^1.7.1"
    cross-domain-utils "^2.0.1"
    hi-base32 "^0.5.0"
    post-robot "^8.0.0"
    zalgo-promise "^1.0.10"
    zoid "^6.0.67"

post-robot@^8.0.0, post-robot@^8.0.29:
  version "8.0.30"
  resolved "https://registry.yarnpkg.com/post-robot/-/post-robot-8.0.30.tgz#5aac91bb996751549a3c273507b6448a293f6c1f"
  integrity sha512-xo4TudIX85q2vKehlGcVlbYJyrG+2CU+s5zXDpxAba8RzjGPAT2GXpCzNI2TDaiB+UH1Y/rgSNC9tKSyVNwW8g==
  dependencies:
    cross-domain-safe-weakmap "^1.0.1"
    cross-domain-utils "^2.0.0"
    zalgo-promise "^1.0.3"

regenerator-runtime@^0.11.0:
  version "0.11.1"
  resolved "https://registry.yarnpkg.com/regenerator-runtime/-/regenerator-runtime-0.11.1.tgz#be05ad7f9bf7d22e056f9726cee5017fbf19e2e9"
  integrity sha512-MguG95oij0fC3QV3URf4V2SDYGJhJnJGqvIIgdECeODCT98wSWDAJ94SSuVpYQUoTcGUIL6L4yNB7j1DFFHSBg==

vue-paypal-checkout@^3.2.0:
  version "3.2.0"
  resolved "https://registry.yarnpkg.com/vue-paypal-checkout/-/vue-paypal-checkout-3.2.0.tgz#c5a2ac0fd295dcbf99b3a3c44b870c9e4859a96e"
  integrity sha512-y7Fz60ePTr6rMHGVu5S+6kDZTl5x3+Wh2DV0E4V1ibc3z4YJ8gw18PxMOt34FexYs5621F5C/9MF30TiSoDXBg==
  dependencies:
    babel-runtime "^6.26.0"
    paypal-checkout "^4.0.228"
    vue "^2.5.17"

vue@^2.5.17:
  version "2.6.7"
  resolved "https://registry.yarnpkg.com/vue/-/vue-2.6.7.tgz#254f188e7621d2d19ee28d0c0442c6d21b53ae2d"
  integrity sha512-g7ADfQ82QU+j6F/bVDioVQf2ccIMYLuR4E8ev+RsDBlmwRkhGO3HhgF4PF9vpwjdPpxyb1zzLur2nQ2oIMAMEg==

zalgo-promise@^1.0.10, zalgo-promise@^1.0.11, zalgo-promise@^1.0.26, zalgo-promise@^1.0.28, zalgo-promise@^1.0.3, zalgo-promise@^1.0.34:
  version "1.0.38"
  resolved "https://registry.yarnpkg.com/zalgo-promise/-/zalgo-promise-1.0.38.tgz#6acdb8990954eabab505c0c3bde47523fd927d33"
  integrity sha512-+dj0kZU9poywiJ3nIFns3o10XXbbptugvO51TxwD8/V0SIEi+Jw/of0MeJZ8CO7gH9jqzD0MQ/Q1PXAx8GlOQw==

zoid@^6.0.67:
  version "6.0.70"
  resolved "https://registry.yarnpkg.com/zoid/-/zoid-6.0.70.tgz#a40c01a8229adcde416257f9a278435cb8ed48c3"
  integrity sha512-yvdQbi6ZZGrEo6rMi86gdsxOGrctKjtLIK5xhy+fP1x8eYymeChPzTRiF9mZYGAgzyq/dR6uCN0vYEo2Npu1Yw==
  dependencies:
    beaver-logger "^3.0.17"
    belter "^1.0.77"
    cross-domain-safe-weakmap "^1.0.22"
    cross-domain-utils "^2.0.16"
    hi-base32 "^0.5.0"
    post-robot "^8.0.29"
    zalgo-promise "^1.0.34"
